
Microsoft Visual Studio Solution File, Format Version 12.00
# Visual Studio Version 16
VisualStudioVersion = 16.0.29709.97
MinimumVisualStudioVersion = 10.0.40219.1
Project("{FAE04EC0-301F-11D3-BF4B-00C04F79EFBC}") = "MarsRover", "MarsRover\MarsRover.csproj", "{59C320A3-1BF7-4039-9FEC-EFC16B6F0E10}"
EndProject
Project("{FAE04EC0-301F-11D3-BF4B-00C04F79EFBC}") = "MarsRoverTests", "MarsRoverTests\MarsRoverTests.csproj", "{0B42D8F7-55D6-4D82-BFF9-4A2917C432D6}"
EndProject
Global
	GlobalSection(SolutionConfigurationPlatforms) = preSolution
		Debug|Any CPU = Debug|Any CPU
		Release|Any CPU = Release|Any CPU
	EndGlobalSection
	GlobalSection(ProjectConfigurationPlatforms) = postSolution
		{59C320A3-1BF7-4039-9FEC-EFC16B6F0E10}.Debug|Any CPU.ActiveCfg = Debug|Any CPU
		{59C320A3-1BF7-4039-9FEC-EFC16B6F0E10}.Debug|Any CPU.Build.0 = Debug|Any CPU
		{59C320A3-1BF7-4039-9FEC-EFC16B6F0E10}.Release|Any CPU.ActiveCfg = Release|Any CPU
		{59C320A3-1BF7-4039-9FEC-EFC16B6F0E10}.Release|Any CPU.Build.0 = Release|Any CPU
		{0B42D8F7-55D6-4D82-BFF9-4A2917C432D6}.Debug|Any CPU.ActiveCfg = Debug|Any CPU
		{0B42D8F7-55D6-4D82-BFF9-4A2917C432D6}.Debug|Any CPU.Build.0 = Debug|Any CPU
		{0B42D8F7-55D6-4D82-BFF9-4A2917C432D6}.Release|Any CPU.ActiveCfg = Release|Any CPU
		{0B42D8F7-55D6-4D82-BFF9-4A2917C432D6}.Release|Any CPU.Build.0 = Release|Any CPU
	EndGlobalSection
	GlobalSection(SolutionProperties) = preSolution
		HideSolutionNode = FALSE
	EndGlobalSection
	GlobalSection(ExtensibilityGlobals) = postSolution
		SolutionGuid = {B4FC775A-CB46-4BDE-9B2B-757A1657B734}
	EndGlobalSection
EndGlobal
